
Microsoft Visual Studio Solution File, Format Version 12.00
# Visual Studio Version 17
VisualStudioVersion = 17.3.32929.385
MinimumVisualStudioVersion = 10.0.40219.1
Project("{FAE04EC0-301F-11D3-BF4B-00C04F79EFBC}") = "Task1", "Task1\Task1.csproj", "{27409912-A201-42E6-B8E0-05D260D91FFF}"
EndProject
Global
	GlobalSection(SolutionConfigurationPlatforms) = preSolution
		Debug|Any CPU = Debug|Any CPU
		Release|Any CPU = Release|Any CPU
	EndGlobalSection
	GlobalSection(ProjectConfigurationPlatforms) = postSolution
		{27409912-A201-42E6-B8E0-05D260D91FFF}.Debug|Any CPU.ActiveCfg = Debug|Any CPU
		{27409912-A201-42E6-B8E0-05D260D91FFF}.Debug|Any CPU.Build.0 = Debug|Any CPU
		{27409912-A201-42E6-B8E0-05D260D91FFF}.Release|Any CPU.ActiveCfg = Release|Any CPU
		{27409912-A201-42E6-B8E0-05D260D91FFF}.Release|Any CPU.Build.0 = Release|Any CPU
	EndGlobalSection
	GlobalSection(SolutionProperties) = preSolution
		HideSolutionNode = FALSE
	EndGlobalSection
	GlobalSection(ExtensibilityGlobals) = postSolution
		SolutionGuid = {B5FAE145-39E1-46F7-AF1E-106E152C6102}
	EndGlobalSection
EndGlobal
